// !$*UTF8*$!
{
	archiveVersion = 1;
	classes = {
	};
	objectVersion = 46;
	objects = {

/* Begin PBXBuildFile section */
		528A04E0F60489CA4492196D /* Pods_RepoMan.framework in Frameworks */ = {isa = PBXBuildFile; fileRef = 3D73EAEA337B02632924DCEF /* Pods_RepoMan.framework */; };
		9F5D2F8B1E33822100738CDA /* HttpClient.swift in Sources */ = {isa = PBXBuildFile; fileRef = 9F5D2F8A1E33822100738CDA /* HttpClient.swift */; };
		9F5D2F8D1E33823E00738CDA /* Constants.swift in Sources */ = {isa = PBXBuildFile; fileRef = 9F5D2F8C1E33823E00738CDA /* Constants.swift */; };
		9F5D2F8F1E3383AD00738CDA /* User.swift in Sources */ = {isa = PBXBuildFile; fileRef = 9F5D2F8E1E3383AD00738CDA /* User.swift */; };
		9F5D2F921E33840900738CDA /* Logger.swift in Sources */ = {isa = PBXBuildFile; fileRef = 9F5D2F911E33840900738CDA /* Logger.swift */; };
		9FB770391E37CFE6003FAF75 /* NotFoundException.swift in Sources */ = {isa = PBXBuildFile; fileRef = 9FB770381E37CFE6003FAF75 /* NotFoundException.swift */; };
		9FB7703B1E37D475003FAF75 /* ErrorAlertCreator.swift in Sources */ = {isa = PBXBuildFile; fileRef = 9FB7703A1E37D475003FAF75 /* ErrorAlertCreator.swift */; };
		9FB7703E1E37D783003FAF75 /* Loading.swift in Sources */ = {isa = PBXBuildFile; fileRef = 9FB7703D1E37D783003FAF75 /* Loading.swift */; };
		9FB770411E37D7B7003FAF75 /* LoadingViewController.swift in Sources */ = {isa = PBXBuildFile; fileRef = 9FB770401E37D7B7003FAF75 /* LoadingViewController.swift */; };
		9FB770431E37D81E003FAF75 /* LoadingView.swift in Sources */ = {isa = PBXBuildFile; fileRef = 9FB770421E37D81E003FAF75 /* LoadingView.swift */; };
		9FB770451E37D836003FAF75 /* LoadingView.xib in Resources */ = {isa = PBXBuildFile; fileRef = 9FB770441E37D836003FAF75 /* LoadingView.xib */; };
		9FB770491E37EAC7003FAF75 /* UserSearchInteractorTest.swift in Sources */ = {isa = PBXBuildFile; fileRef = 9FB770481E37EAC7003FAF75 /* UserSearchInteractorTest.swift */; };
		9FB7704B1E37EC21003FAF75 /* UserSearchPresenterTest.swift in Sources */ = {isa = PBXBuildFile; fileRef = 9FB7704A1E37EC21003FAF75 /* UserSearchPresenterTest.swift */; };
		9FB7704D1E37ED0C003FAF75 /* AsyncTestUtil.swift in Sources */ = {isa = PBXBuildFile; fileRef = 9FB7704C1E37ED0C003FAF75 /* AsyncTestUtil.swift */; };
		9FB770501E37EE9A003FAF75 /* UserInteractorTest.swift in Sources */ = {isa = PBXBuildFile; fileRef = 9FB7704F1E37EE9A003FAF75 /* UserInteractorTest.swift */; };
		9FB770521E37F16C003FAF75 /* UserPresenterTest.swift in Sources */ = {isa = PBXBuildFile; fileRef = 9FB770511E37F16C003FAF75 /* UserPresenterTest.swift */; };
		9FB770541E37F3BD003FAF75 /* UserSearchViewModelTest.swift in Sources */ = {isa = PBXBuildFile; fileRef = 9FB770531E37F3BD003FAF75 /* UserSearchViewModelTest.swift */; };
		9FB770561E37F53D003FAF75 /* UserViewModelTest.swift in Sources */ = {isa = PBXBuildFile; fileRef = 9FB770551E37F53D003FAF75 /* UserViewModelTest.swift */; };
		9FB770591E37F76B003FAF75 /* ReposInteractorTest.swift in Sources */ = {isa = PBXBuildFile; fileRef = 9FB770581E37F76B003FAF75 /* ReposInteractorTest.swift */; };
		9FB7705C1E37F7D1003FAF75 /* MockGithubService.swift in Sources */ = {isa = PBXBuildFile; fileRef = 9FB7705B1E37F7D1003FAF75 /* MockGithubService.swift */; };
		9FB7705E1E37F807003FAF75 /* MockNotFoundGithubService.swift in Sources */ = {isa = PBXBuildFile; fileRef = 9FB7705D1E37F807003FAF75 /* MockNotFoundGithubService.swift */; };
		9FB770601E37F824003FAF75 /* MockOtherErrorGithubService.swift in Sources */ = {isa = PBXBuildFile; fileRef = 9FB7705F1E37F824003FAF75 /* MockOtherErrorGithubService.swift */; };
		9FB770621E37FA11003FAF75 /* ReposPresenterTest.swift in Sources */ = {isa = PBXBuildFile; fileRef = 9FB770611E37FA11003FAF75 /* ReposPresenterTest.swift */; };
		9FB770651E37FBC9003FAF75 /* GithubServiceTest.swift in Sources */ = {isa = PBXBuildFile; fileRef = 9FB770641E37FBC9003FAF75 /* GithubServiceTest.swift */; };
		9FE6AECE1E26A68A007F535A /* AppDelegate.swift in Sources */ = {isa = PBXBuildFile; fileRef = 9FE6AECD1E26A68A007F535A /* AppDelegate.swift */; };
		9FE6AED31E26A68A007F535A /* Main.storyboard in Resources */ = {isa = PBXBuildFile; fileRef = 9FE6AED11E26A68A007F535A /* Main.storyboard */; };
		9FE6AED51E26A68A007F535A /* Assets.xcassets in Resources */ = {isa = PBXBuildFile; fileRef = 9FE6AED41E26A68A007F535A /* Assets.xcassets */; };
		9FE6AED81E26A68A007F535A /* LaunchScreen.storyboard in Resources */ = {isa = PBXBuildFile; fileRef = 9FE6AED61E26A68A007F535A /* LaunchScreen.storyboard */; };
		9FE6AEFE1E26A705007F535A /* GithubService.swift in Sources */ = {isa = PBXBuildFile; fileRef = 9FE6AEFD1E26A705007F535A /* GithubService.swift */; };
		9FE6AF011E26A73A007F535A /* Repo.swift in Sources */ = {isa = PBXBuildFile; fileRef = 9FE6AF001E26A73A007F535A /* Repo.swift */; };
		9FE6AF041E26A9AC007F535A /* NibLoadingView.swift in Sources */ = {isa = PBXBuildFile; fileRef = 9FE6AF031E26A9AC007F535A /* NibLoadingView.swift */; };
		9FE6AF0E1E26AB67007F535A /* NibDesignable.swift in Sources */ = {isa = PBXBuildFile; fileRef = 9FE6AF0D1E26AB67007F535A /* NibDesignable.swift */; };
		9FE6AF1C1E26B11B007F535A /* RepoConfigurator.swift in Sources */ = {isa = PBXBuildFile; fileRef = 9FE6AF161E26B11B007F535A /* RepoConfigurator.swift */; };
		9FE6AF1D1E26B11B007F535A /* RepoInteractor.swift in Sources */ = {isa = PBXBuildFile; fileRef = 9FE6AF171E26B11B007F535A /* RepoInteractor.swift */; };
		9FE6AF1E1E26B11B007F535A /* RepoPresenter.swift in Sources */ = {isa = PBXBuildFile; fileRef = 9FE6AF181E26B11B007F535A /* RepoPresenter.swift */; };
		9FE6AF1F1E26B11B007F535A /* RepoRouter.swift in Sources */ = {isa = PBXBuildFile; fileRef = 9FE6AF191E26B11B007F535A /* RepoRouter.swift */; };
		9FE6AF201E26B11B007F535A /* RepoViewController.swift in Sources */ = {isa = PBXBuildFile; fileRef = 9FE6AF1A1E26B11B007F535A /* RepoViewController.swift */; };
		9FE6AF211E26B11B007F535A /* RepoViewModel.swift in Sources */ = {isa = PBXBuildFile; fileRef = 9FE6AF1B1E26B11B007F535A /* RepoViewModel.swift */; };
		9FFA2FEF1E3388C90047B5A5 /* UserSearchConfigurator.swift in Sources */ = {isa = PBXBuildFile; fileRef = 9FFA2FE81E3388C90047B5A5 /* UserSearchConfigurator.swift */; };
		9FFA2FF01E3388C90047B5A5 /* UserSearchInteractor.swift in Sources */ = {isa = PBXBuildFile; fileRef = 9FFA2FE91E3388C90047B5A5 /* UserSearchInteractor.swift */; };
		9FFA2FF11E3388C90047B5A5 /* UserSearchPresenter.swift in Sources */ = {isa = PBXBuildFile; fileRef = 9FFA2FEA1E3388C90047B5A5 /* UserSearchPresenter.swift */; };
		9FFA2FF21E3388C90047B5A5 /* UserSearchRouter.swift in Sources */ = {isa = PBXBuildFile; fileRef = 9FFA2FEB1E3388C90047B5A5 /* UserSearchRouter.swift */; };
		9FFA2FF31E3388C90047B5A5 /* UserSearchView.swift in Sources */ = {isa = PBXBuildFile; fileRef = 9FFA2FEC1E3388C90047B5A5 /* UserSearchView.swift */; };
		9FFA2FF41E3388C90047B5A5 /* UserSearchViewController.swift in Sources */ = {isa = PBXBuildFile; fileRef = 9FFA2FED1E3388C90047B5A5 /* UserSearchViewController.swift */; };
		9FFA2FF51E3388C90047B5A5 /* UserSearchViewModel.swift in Sources */ = {isa = PBXBuildFile; fileRef = 9FFA2FEE1E3388C90047B5A5 /* UserSearchViewModel.swift */; };
		9FFA2FF71E3388F70047B5A5 /* UserSearchView.xib in Resources */ = {isa = PBXBuildFile; fileRef = 9FFA2FF61E3388F70047B5A5 /* UserSearchView.xib */; };
		9FFA30001E338BB90047B5A5 /* UserConfigurator.swift in Sources */ = {isa = PBXBuildFile; fileRef = 9FFA2FF91E338BB90047B5A5 /* UserConfigurator.swift */; };
		9FFA30011E338BB90047B5A5 /* UserInteractor.swift in Sources */ = {isa = PBXBuildFile; fileRef = 9FFA2FFA1E338BB90047B5A5 /* UserInteractor.swift */; };
		9FFA30021E338BB90047B5A5 /* UserPresenter.swift in Sources */ = {isa = PBXBuildFile; fileRef = 9FFA2FFB1E338BB90047B5A5 /* UserPresenter.swift */; };
		9FFA30031E338BB90047B5A5 /* UserRouter.swift in Sources */ = {isa = PBXBuildFile; fileRef = 9FFA2FFC1E338BB90047B5A5 /* UserRouter.swift */; };
		9FFA30041E338BB90047B5A5 /* UserView.swift in Sources */ = {isa = PBXBuildFile; fileRef = 9FFA2FFD1E338BB90047B5A5 /* UserView.swift */; };
		9FFA30051E338BB90047B5A5 /* UserViewController.swift in Sources */ = {isa = PBXBuildFile; fileRef = 9FFA2FFE1E338BB90047B5A5 /* UserViewController.swift */; };
		9FFA30061E338BB90047B5A5 /* UserViewModel.swift in Sources */ = {isa = PBXBuildFile; fileRef = 9FFA2FFF1E338BB90047B5A5 /* UserViewModel.swift */; };
		9FFA30081E338F5E0047B5A5 /* UserView.xib in Resources */ = {isa = PBXBuildFile; fileRef = 9FFA30071E338F5E0047B5A5 /* UserView.xib */; };
		9FFA30111E3394190047B5A5 /* ReposConfigurator.swift in Sources */ = {isa = PBXBuildFile; fileRef = 9FFA300A1E3394190047B5A5 /* ReposConfigurator.swift */; };
		9FFA30121E3394190047B5A5 /* ReposInteractor.swift in Sources */ = {isa = PBXBuildFile; fileRef = 9FFA300B1E3394190047B5A5 /* ReposInteractor.swift */; };
		9FFA30131E3394190047B5A5 /* ReposPresenter.swift in Sources */ = {isa = PBXBuildFile; fileRef = 9FFA300C1E3394190047B5A5 /* ReposPresenter.swift */; };
		9FFA30141E3394190047B5A5 /* ReposRouter.swift in Sources */ = {isa = PBXBuildFile; fileRef = 9FFA300D1E3394190047B5A5 /* ReposRouter.swift */; };
		9FFA30151E3394190047B5A5 /* ReposView.swift in Sources */ = {isa = PBXBuildFile; fileRef = 9FFA300E1E3394190047B5A5 /* ReposView.swift */; };
		9FFA30161E3394190047B5A5 /* ReposViewController.swift in Sources */ = {isa = PBXBuildFile; fileRef = 9FFA300F1E3394190047B5A5 /* ReposViewController.swift */; };
		9FFA30171E3394190047B5A5 /* ReposViewModel.swift in Sources */ = {isa = PBXBuildFile; fileRef = 9FFA30101E3394190047B5A5 /* ReposViewModel.swift */; };
		9FFA30191E3396860047B5A5 /* ReposView.xib in Resources */ = {isa = PBXBuildFile; fileRef = 9FFA30181E3396860047B5A5 /* ReposView.xib */; };
		9FFA301C1E3397890047B5A5 /* RepoCell.swift in Sources */ = {isa = PBXBuildFile; fileRef = 9FFA301A1E3397890047B5A5 /* RepoCell.swift */; };
		9FFA301D1E3397890047B5A5 /* RepoCell.xib in Resources */ = {isa = PBXBuildFile; fileRef = 9FFA301B1E3397890047B5A5 /* RepoCell.xib */; };
		9FFA30201E33A0DD0047B5A5 /* Date+Formats.swift in Sources */ = {isa = PBXBuildFile; fileRef = 9FFA301F1E33A0DD0047B5A5 /* Date+Formats.swift */; };
		9FFA30241E3553030047B5A5 /* RepoView.swift in Sources */ = {isa = PBXBuildFile; fileRef = 9FFA30221E3553030047B5A5 /* RepoView.swift */; };
		9FFA30251E3553030047B5A5 /* RepoView.xib in Resources */ = {isa = PBXBuildFile; fileRef = 9FFA30231E3553030047B5A5 /* RepoView.xib */; };
		DD6DB85AC20AD4B2DF169964 /* Pods_RepoManTests.framework in Frameworks */ = {isa = PBXBuildFile; fileRef = CBA7F77766B727245BD9CEA4 /* Pods_RepoManTests.framework */; };
/* End PBXBuildFile section */

/* Begin PBXContainerItemProxy section */
		9FE6AEDF1E26A68A007F535A /* PBXContainerItemProxy */ = {
			isa = PBXContainerItemProxy;
			containerPortal = 9FE6AEC21E26A68A007F535A /* Project object */;
			proxyType = 1;
			remoteGlobalIDString = 9FE6AEC91E26A68A007F535A;
			remoteInfo = RepoMan;
		};
/* End PBXContainerItemProxy section */

/* Begin PBXFileReference section */
		33E77C44EE220FAD722DC65F /* Pods-RepoManTests.debug.xcconfig */ = {isa = PBXFileReference; includeInIndex = 1; lastKnownFileType = text.xcconfig; name = "Pods-RepoManTests.debug.xcconfig"; path = "Pods/Target Support Files/Pods-RepoManTests/Pods-RepoManTests.debug.xcconfig"; sourceTree = "<group>"; };
		3D73EAEA337B02632924DCEF /* Pods_RepoMan.framework */ = {isa = PBXFileReference; explicitFileType = wrapper.framework; includeInIndex = 0; path = Pods_RepoMan.framework; sourceTree = BUILT_PRODUCTS_DIR; };
		5D653088ABB27D5795BCA7AE /* Pods-RepoMan.release.xcconfig */ = {isa = PBXFileReference; includeInIndex = 1; lastKnownFileType = text.xcconfig; name = "Pods-RepoMan.release.xcconfig"; path = "Pods/Target Support Files/Pods-RepoMan/Pods-RepoMan.release.xcconfig"; sourceTree = "<group>"; };
		7D6AC3B2004B665F37992649 /* Pods-RepoMan.debug.xcconfig */ = {isa = PBXFileReference; includeInIndex = 1; lastKnownFileType = text.xcconfig; name = "Pods-RepoMan.debug.xcconfig"; path = "Pods/Target Support Files/Pods-RepoMan/Pods-RepoMan.debug.xcconfig"; sourceTree = "<group>"; };
		9F5D2F8A1E33822100738CDA /* HttpClient.swift */ = {isa = PBXFileReference; fileEncoding = 4; lastKnownFileType = sourcecode.swift; path = HttpClient.swift; sourceTree = "<group>"; };
		9F5D2F8C1E33823E00738CDA /* Constants.swift */ = {isa = PBXFileReference; fileEncoding = 4; lastKnownFileType = sourcecode.swift; path = Constants.swift; sourceTree = "<group>"; };
		9F5D2F8E1E3383AD00738CDA /* User.swift */ = {isa = PBXFileReference; fileEncoding = 4; lastKnownFileType = sourcecode.swift; path = User.swift; sourceTree = "<group>"; };
		9F5D2F911E33840900738CDA /* Logger.swift */ = {isa = PBXFileReference; fileEncoding = 4; lastKnownFileType = sourcecode.swift; path = Logger.swift; sourceTree = "<group>"; };
		9FB770381E37CFE6003FAF75 /* NotFoundException.swift */ = {isa = PBXFileReference; fileEncoding = 4; lastKnownFileType = sourcecode.swift; path = NotFoundException.swift; sourceTree = "<group>"; };
		9FB7703A1E37D475003FAF75 /* ErrorAlertCreator.swift */ = {isa = PBXFileReference; fileEncoding = 4; lastKnownFileType = sourcecode.swift; path = ErrorAlertCreator.swift; sourceTree = "<group>"; };
		9FB7703D1E37D783003FAF75 /* Loading.swift */ = {isa = PBXFileReference; fileEncoding = 4; lastKnownFileType = sourcecode.swift; path = Loading.swift; sourceTree = "<group>"; };
		9FB770401E37D7B7003FAF75 /* LoadingViewController.swift */ = {isa = PBXFileReference; fileEncoding = 4; lastKnownFileType = sourcecode.swift; path = LoadingViewController.swift; sourceTree = "<group>"; };
		9FB770421E37D81E003FAF75 /* LoadingView.swift */ = {isa = PBXFileReference; fileEncoding = 4; lastKnownFileType = sourcecode.swift; path = LoadingView.swift; sourceTree = "<group>"; };
		9FB770441E37D836003FAF75 /* LoadingView.xib */ = {isa = PBXFileReference; fileEncoding = 4; lastKnownFileType = file.xib; path = LoadingView.xib; sourceTree = "<group>"; };
		9FB770481E37EAC7003FAF75 /* UserSearchInteractorTest.swift */ = {isa = PBXFileReference; fileEncoding = 4; lastKnownFileType = sourcecode.swift; path = UserSearchInteractorTest.swift; sourceTree = "<group>"; };
		9FB7704A1E37EC21003FAF75 /* UserSearchPresenterTest.swift */ = {isa = PBXFileReference; fileEncoding = 4; lastKnownFileType = sourcecode.swift; path = UserSearchPresenterTest.swift; sourceTree = "<group>"; };
		9FB7704C1E37ED0C003FAF75 /* AsyncTestUtil.swift */ = {isa = PBXFileReference; fileEncoding = 4; lastKnownFileType = sourcecode.swift; path = AsyncTestUtil.swift; sourceTree = "<group>"; };
		9FB7704F1E37EE9A003FAF75 /* UserInteractorTest.swift */ = {isa = PBXFileReference; fileEncoding = 4; lastKnownFileType = sourcecode.swift; path = UserInteractorTest.swift; sourceTree = "<group>"; };
		9FB770511E37F16C003FAF75 /* UserPresenterTest.swift */ = {isa = PBXFileReference; fileEncoding = 4; lastKnownFileType = sourcecode.swift; path = UserPresenterTest.swift; sourceTree = "<group>"; };
		9FB770531E37F3BD003FAF75 /* UserSearchViewModelTest.swift */ = {isa = PBXFileReference; fileEncoding = 4; lastKnownFileType = sourcecode.swift; path = UserSearchViewModelTest.swift; sourceTree = "<group>"; };
		9FB770551E37F53D003FAF75 /* UserViewModelTest.swift */ = {isa = PBXFileReference; fileEncoding = 4; lastKnownFileType = sourcecode.swift; path = UserViewModelTest.swift; sourceTree = "<group>"; };
		9FB770581E37F76B003FAF75 /* ReposInteractorTest.swift */ = {isa = PBXFileReference; fileEncoding = 4; lastKnownFileType = sourcecode.swift; path = ReposInteractorTest.swift; sourceTree = "<group>"; };
		9FB7705B1E37F7D1003FAF75 /* MockGithubService.swift */ = {isa = PBXFileReference; fileEncoding = 4; lastKnownFileType = sourcecode.swift; path = MockGithubService.swift; sourceTree = "<group>"; };
		9FB7705D1E37F807003FAF75 /* MockNotFoundGithubService.swift */ = {isa = PBXFileReference; fileEncoding = 4; lastKnownFileType = sourcecode.swift; path = MockNotFoundGithubService.swift; sourceTree = "<group>"; };
		9FB7705F1E37F824003FAF75 /* MockOtherErrorGithubService.swift */ = {isa = PBXFileReference; fileEncoding = 4; lastKnownFileType = sourcecode.swift; path = MockOtherErrorGithubService.swift; sourceTree = "<group>"; };
		9FB770611E37FA11003FAF75 /* ReposPresenterTest.swift */ = {isa = PBXFileReference; fileEncoding = 4; lastKnownFileType = sourcecode.swift; path = ReposPresenterTest.swift; sourceTree = "<group>"; };
		9FB770641E37FBC9003FAF75 /* GithubServiceTest.swift */ = {isa = PBXFileReference; fileEncoding = 4; lastKnownFileType = sourcecode.swift; path = GithubServiceTest.swift; sourceTree = "<group>"; };
		9FE6AECA1E26A68A007F535A /* RepoMan.app */ = {isa = PBXFileReference; explicitFileType = wrapper.application; includeInIndex = 0; path = RepoMan.app; sourceTree = BUILT_PRODUCTS_DIR; };
		9FE6AECD1E26A68A007F535A /* AppDelegate.swift */ = {isa = PBXFileReference; lastKnownFileType = sourcecode.swift; path = AppDelegate.swift; sourceTree = "<group>"; };
		9FE6AED21E26A68A007F535A /* Base */ = {isa = PBXFileReference; lastKnownFileType = file.storyboard; name = Base; path = Base.lproj/Main.storyboard; sourceTree = "<group>"; };
		9FE6AED41E26A68A007F535A /* Assets.xcassets */ = {isa = PBXFileReference; lastKnownFileType = folder.assetcatalog; path = Assets.xcassets; sourceTree = "<group>"; };
		9FE6AED71E26A68A007F535A /* Base */ = {isa = PBXFileReference; lastKnownFileType = file.storyboard; name = Base; path = Base.lproj/LaunchScreen.storyboard; sourceTree = "<group>"; };
		9FE6AED91E26A68A007F535A /* Info.plist */ = {isa = PBXFileReference; lastKnownFileType = text.plist.xml; path = Info.plist; sourceTree = "<group>"; };
		9FE6AEDE1E26A68A007F535A /* RepoManTests.xctest */ = {isa = PBXFileReference; explicitFileType = wrapper.cfbundle; includeInIndex = 0; path = RepoManTests.xctest; sourceTree = BUILT_PRODUCTS_DIR; };
		9FE6AEE41E26A68A007F535A /* Info.plist */ = {isa = PBXFileReference; lastKnownFileType = text.plist.xml; path = Info.plist; sourceTree = "<group>"; };
		9FE6AEFD1E26A705007F535A /* GithubService.swift */ = {isa = PBXFileReference; fileEncoding = 4; lastKnownFileType = sourcecode.swift; path = GithubService.swift; sourceTree = "<group>"; };
		9FE6AF001E26A73A007F535A /* Repo.swift */ = {isa = PBXFileReference; fileEncoding = 4; lastKnownFileType = sourcecode.swift; path = Repo.swift; sourceTree = "<group>"; };
		9FE6AF031E26A9AC007F535A /* NibLoadingView.swift */ = {isa = PBXFileReference; fileEncoding = 4; lastKnownFileType = sourcecode.swift; path = NibLoadingView.swift; sourceTree = "<group>"; };
		9FE6AF0D1E26AB67007F535A /* NibDesignable.swift */ = {isa = PBXFileReference; fileEncoding = 4; lastKnownFileType = sourcecode.swift; path = NibDesignable.swift; sourceTree = "<group>"; };
		9FE6AF161E26B11B007F535A /* RepoConfigurator.swift */ = {isa = PBXFileReference; fileEncoding = 4; lastKnownFileType = sourcecode.swift; path = RepoConfigurator.swift; sourceTree = "<group>"; };
		9FE6AF171E26B11B007F535A /* RepoInteractor.swift */ = {isa = PBXFileReference; fileEncoding = 4; lastKnownFileType = sourcecode.swift; path = RepoInteractor.swift; sourceTree = "<group>"; };
		9FE6AF181E26B11B007F535A /* RepoPresenter.swift */ = {isa = PBXFileReference; fileEncoding = 4; lastKnownFileType = sourcecode.swift; path = RepoPresenter.swift; sourceTree = "<group>"; };
		9FE6AF191E26B11B007F535A /* RepoRouter.swift */ = {isa = PBXFileReference; fileEncoding = 4; lastKnownFileType = sourcecode.swift; path = RepoRouter.swift; sourceTree = "<group>"; };
		9FE6AF1A1E26B11B007F535A /* RepoViewController.swift */ = {isa = PBXFileReference; fileEncoding = 4; lastKnownFileType = sourcecode.swift; path = RepoViewController.swift; sourceTree = "<group>"; };
		9FE6AF1B1E26B11B007F535A /* RepoViewModel.swift */ = {isa = PBXFileReference; fileEncoding = 4; lastKnownFileType = sourcecode.swift; path = RepoViewModel.swift; sourceTree = "<group>"; };
		9FFA2FE81E3388C90047B5A5 /* UserSearchConfigurator.swift */ = {isa = PBXFileReference; fileEncoding = 4; lastKnownFileType = sourcecode.swift; path = UserSearchConfigurator.swift; sourceTree = "<group>"; };
		9FFA2FE91E3388C90047B5A5 /* UserSearchInteractor.swift */ = {isa = PBXFileReference; fileEncoding = 4; lastKnownFileType = sourcecode.swift; path = UserSearchInteractor.swift; sourceTree = "<group>"; };
		9FFA2FEA1E3388C90047B5A5 /* UserSearchPresenter.swift */ = {isa = PBXFileReference; fileEncoding = 4; lastKnownFileType = sourcecode.swift; path = UserSearchPresenter.swift; sourceTree = "<group>"; };
		9FFA2FEB1E3388C90047B5A5 /* UserSearchRouter.swift */ = {isa = PBXFileReference; fileEncoding = 4; lastKnownFileType = sourcecode.swift; path = UserSearchRouter.swift; sourceTree = "<group>"; };
		9FFA2FEC1E3388C90047B5A5 /* UserSearchView.swift */ = {isa = PBXFileReference; fileEncoding = 4; lastKnownFileType = sourcecode.swift; path = UserSearchView.swift; sourceTree = "<group>"; };
		9FFA2FED1E3388C90047B5A5 /* UserSearchViewController.swift */ = {isa = PBXFileReference; fileEncoding = 4; lastKnownFileType = sourcecode.swift; path = UserSearchViewController.swift; sourceTree = "<group>"; };
		9FFA2FEE1E3388C90047B5A5 /* UserSearchViewModel.swift */ = {isa = PBXFileReference; fileEncoding = 4; lastKnownFileType = sourcecode.swift; path = UserSearchViewModel.swift; sourceTree = "<group>"; };
		9FFA2FF61E3388F70047B5A5 /* UserSearchView.xib */ = {isa = PBXFileReference; fileEncoding = 4; lastKnownFileType = file.xib; path = UserSearchView.xib; sourceTree = "<group>"; };
		9FFA2FF91E338BB90047B5A5 /* UserConfigurator.swift */ = {isa = PBXFileReference; fileEncoding = 4; lastKnownFileType = sourcecode.swift; path = UserConfigurator.swift; sourceTree = "<group>"; };
		9FFA2FFA1E338BB90047B5A5 /* UserInteractor.swift */ = {isa = PBXFileReference; fileEncoding = 4; lastKnownFileType = sourcecode.swift; path = UserInteractor.swift; sourceTree = "<group>"; };
		9FFA2FFB1E338BB90047B5A5 /* UserPresenter.swift */ = {isa = PBXFileReference; fileEncoding = 4; lastKnownFileType = sourcecode.swift; path = UserPresenter.swift; sourceTree = "<group>"; };
		9FFA2FFC1E338BB90047B5A5 /* UserRouter.swift */ = {isa = PBXFileReference; fileEncoding = 4; lastKnownFileType = sourcecode.swift; path = UserRouter.swift; sourceTree = "<group>"; };
		9FFA2FFD1E338BB90047B5A5 /* UserView.swift */ = {isa = PBXFileReference; fileEncoding = 4; lastKnownFileType = sourcecode.swift; path = UserView.swift; sourceTree = "<group>"; };
		9FFA2FFE1E338BB90047B5A5 /* UserViewController.swift */ = {isa = PBXFileReference; fileEncoding = 4; lastKnownFileType = sourcecode.swift; path = UserViewController.swift; sourceTree = "<group>"; };
		9FFA2FFF1E338BB90047B5A5 /* UserViewModel.swift */ = {isa = PBXFileReference; fileEncoding = 4; lastKnownFileType = sourcecode.swift; path = UserViewModel.swift; sourceTree = "<group>"; };
		9FFA30071E338F5E0047B5A5 /* UserView.xib */ = {isa = PBXFileReference; fileEncoding = 4; lastKnownFileType = file.xib; path = UserView.xib; sourceTree = "<group>"; };
		9FFA300A1E3394190047B5A5 /* ReposConfigurator.swift */ = {isa = PBXFileReference; fileEncoding = 4; lastKnownFileType = sourcecode.swift; path = ReposConfigurator.swift; sourceTree = "<group>"; };
		9FFA300B1E3394190047B5A5 /* ReposInteractor.swift */ = {isa = PBXFileReference; fileEncoding = 4; lastKnownFileType = sourcecode.swift; path = ReposInteractor.swift; sourceTree = "<group>"; };
		9FFA300C1E3394190047B5A5 /* ReposPresenter.swift */ = {isa = PBXFileReference; fileEncoding = 4; lastKnownFileType = sourcecode.swift; path = ReposPresenter.swift; sourceTree = "<group>"; };
		9FFA300D1E3394190047B5A5 /* ReposRouter.swift */ = {isa = PBXFileReference; fileEncoding = 4; lastKnownFileType = sourcecode.swift; path = ReposRouter.swift; sourceTree = "<group>"; };
		9FFA300E1E3394190047B5A5 /* ReposView.swift */ = {isa = PBXFileReference; fileEncoding = 4; lastKnownFileType = sourcecode.swift; path = ReposView.swift; sourceTree = "<group>"; };
		9FFA300F1E3394190047B5A5 /* ReposViewController.swift */ = {isa = PBXFileReference; fileEncoding = 4; lastKnownFileType = sourcecode.swift; path = ReposViewController.swift; sourceTree = "<group>"; };
		9FFA30101E3394190047B5A5 /* ReposViewModel.swift */ = {isa = PBXFileReference; fileEncoding = 4; lastKnownFileType = sourcecode.swift; path = ReposViewModel.swift; sourceTree = "<group>"; };
		9FFA30181E3396860047B5A5 /* ReposView.xib */ = {isa = PBXFileReference; fileEncoding = 4; lastKnownFileType = file.xib; path = ReposView.xib; sourceTree = "<group>"; };
		9FFA301A1E3397890047B5A5 /* RepoCell.swift */ = {isa = PBXFileReference; fileEncoding = 4; lastKnownFileType = sourcecode.swift; path = RepoCell.swift; sourceTree = "<group>"; };
		9FFA301B1E3397890047B5A5 /* RepoCell.xib */ = {isa = PBXFileReference; fileEncoding = 4; lastKnownFileType = file.xib; path = RepoCell.xib; sourceTree = "<group>"; };
		9FFA301F1E33A0DD0047B5A5 /* Date+Formats.swift */ = {isa = PBXFileReference; fileEncoding = 4; lastKnownFileType = sourcecode.swift; path = "Date+Formats.swift"; sourceTree = "<group>"; };
		9FFA30221E3553030047B5A5 /* RepoView.swift */ = {isa = PBXFileReference; fileEncoding = 4; lastKnownFileType = sourcecode.swift; path = RepoView.swift; sourceTree = "<group>"; };
		9FFA30231E3553030047B5A5 /* RepoView.xib */ = {isa = PBXFileReference; fileEncoding = 4; lastKnownFileType = file.xib; path = RepoView.xib; sourceTree = "<group>"; };
		AA9B27661F865197B9B2D81D /* Pods-RepoManTests.release.xcconfig */ = {isa = PBXFileReference; includeInIndex = 1; lastKnownFileType = text.xcconfig; name = "Pods-RepoManTests.release.xcconfig"; path = "Pods/Target Support Files/Pods-RepoManTests/Pods-RepoManTests.release.xcconfig"; sourceTree = "<group>"; };
		CBA7F77766B727245BD9CEA4 /* Pods_RepoManTests.framework */ = {isa = PBXFileReference; explicitFileType = wrapper.framework; includeInIndex = 0; path = Pods_RepoManTests.framework; sourceTree = BUILT_PRODUCTS_DIR; };
/* End PBXFileReference section */

/* Begin PBXFrameworksBuildPhase section */
		9FE6AEC71E26A68A007F535A /* Frameworks */ = {
			isa = PBXFrameworksBuildPhase;
			buildActionMask = 2147483647;
			files = (
				528A04E0F60489CA4492196D /* Pods_RepoMan.framework in Frameworks */,
			);
			runOnlyForDeploymentPostprocessing = 0;
		};
		9FE6AEDB1E26A68A007F535A /* Frameworks */ = {
			isa = PBXFrameworksBuildPhase;
			buildActionMask = 2147483647;
			files = (
				DD6DB85AC20AD4B2DF169964 /* Pods_RepoManTests.framework in Frameworks */,
			);
			runOnlyForDeploymentPostprocessing = 0;
		};
/* End PBXFrameworksBuildPhase section */

/* Begin PBXGroup section */
		33B9FCE81B3A7B2782904296 /* Frameworks */ = {
			isa = PBXGroup;
			children = (
				3D73EAEA337B02632924DCEF /* Pods_RepoMan.framework */,
				CBA7F77766B727245BD9CEA4 /* Pods_RepoManTests.framework */,
			);
			name = Frameworks;
			sourceTree = "<group>";
		};
		8B69C7134C8D1EADB7A2F8B4 /* Pods */ = {
			isa = PBXGroup;
			children = (
				7D6AC3B2004B665F37992649 /* Pods-RepoMan.debug.xcconfig */,
				5D653088ABB27D5795BCA7AE /* Pods-RepoMan.release.xcconfig */,
				33E77C44EE220FAD722DC65F /* Pods-RepoManTests.debug.xcconfig */,
				AA9B27661F865197B9B2D81D /* Pods-RepoManTests.release.xcconfig */,
			);
			name = Pods;
			sourceTree = "<group>";
		};
		9F5D2F891E33820600738CDA /* Network */ = {
			isa = PBXGroup;
			children = (
				9F5D2F8A1E33822100738CDA /* HttpClient.swift */,
				9FB770381E37CFE6003FAF75 /* NotFoundException.swift */,
			);
			path = Network;
			sourceTree = "<group>";
		};
		9F5D2F901E3383F600738CDA /* Utils */ = {
			isa = PBXGroup;
			children = (
				9F5D2F911E33840900738CDA /* Logger.swift */,
				9FB7703A1E37D475003FAF75 /* ErrorAlertCreator.swift */,
			);
			path = Utils;
			sourceTree = "<group>";
		};
		9F5D2F931E3385F500738CDA /* UserSearch */ = {
			isa = PBXGroup;
			children = (
				9FFA2FE81E3388C90047B5A5 /* UserSearchConfigurator.swift */,
				9FFA2FE91E3388C90047B5A5 /* UserSearchInteractor.swift */,
				9FFA2FEA1E3388C90047B5A5 /* UserSearchPresenter.swift */,
				9FFA2FEB1E3388C90047B5A5 /* UserSearchRouter.swift */,
				9FFA2FEE1E3388C90047B5A5 /* UserSearchViewModel.swift */,
				9FFA2FED1E3388C90047B5A5 /* UserSearchViewController.swift */,
				9FFA2FEC1E3388C90047B5A5 /* UserSearchView.swift */,
				9FFA2FF61E3388F70047B5A5 /* UserSearchView.xib */,
			);
			path = UserSearch;
			sourceTree = "<group>";
		};
		9FB7703C1E37D772003FAF75 /* Protocols */ = {
			isa = PBXGroup;
			children = (
				9FB7703D1E37D783003FAF75 /* Loading.swift */,
			);
			path = Protocols;
			sourceTree = "<group>";
		};
		9FB7703F1E37D7A4003FAF75 /* Loading */ = {
			isa = PBXGroup;
			children = (
				9FB770401E37D7B7003FAF75 /* LoadingViewController.swift */,
				9FB770421E37D81E003FAF75 /* LoadingView.swift */,
				9FB770441E37D836003FAF75 /* LoadingView.xib */,
			);
			path = Loading;
			sourceTree = "<group>";
		};
		9FB770461E37EA98003FAF75 /* Scenes */ = {
			isa = PBXGroup;
			children = (
				9FB770471E37EAA8003FAF75 /* UserSearch */,
				9FB7704E1E37EE87003FAF75 /* User */,
				9FB770571E37F754003FAF75 /* Repos */,
			);
			path = Scenes;
			sourceTree = "<group>";
		};
		9FB770471E37EAA8003FAF75 /* UserSearch */ = {
			isa = PBXGroup;
			children = (
				9FB770481E37EAC7003FAF75 /* UserSearchInteractorTest.swift */,
				9FB7704A1E37EC21003FAF75 /* UserSearchPresenterTest.swift */,
				9FB770531E37F3BD003FAF75 /* UserSearchViewModelTest.swift */,
			);
			path = UserSearch;
			sourceTree = "<group>";
		};
		9FB7704E1E37EE87003FAF75 /* User */ = {
			isa = PBXGroup;
			children = (
				9FB7704F1E37EE9A003FAF75 /* UserInteractorTest.swift */,
				9FB770511E37F16C003FAF75 /* UserPresenterTest.swift */,
				9FB770551E37F53D003FAF75 /* UserViewModelTest.swift */,
			);
			path = User;
			sourceTree = "<group>";
		};
		9FB770571E37F754003FAF75 /* Repos */ = {
			isa = PBXGroup;
			children = (
				9FB770581E37F76B003FAF75 /* ReposInteractorTest.swift */,
				9FB770611E37FA11003FAF75 /* ReposPresenterTest.swift */,
			);
			path = Repos;
			sourceTree = "<group>";
		};
		9FB7705A1E37F7B7003FAF75 /* Mocks */ = {
			isa = PBXGroup;
			children = (
				9FB7705B1E37F7D1003FAF75 /* MockGithubService.swift */,
				9FB7705D1E37F807003FAF75 /* MockNotFoundGithubService.swift */,
				9FB7705F1E37F824003FAF75 /* MockOtherErrorGithubService.swift */,
			);
			path = Mocks;
			sourceTree = "<group>";
		};
		9FB770631E37FBAC003FAF75 /* Services */ = {
			isa = PBXGroup;
			children = (
				9FB770641E37FBC9003FAF75 /* GithubServiceTest.swift */,
			);
			path = Services;
			sourceTree = "<group>";
		};
		9FE6AEC11E26A68A007F535A = {
			isa = PBXGroup;
			children = (
				9FE6AECC1E26A68A007F535A /* RepoMan */,
				9FE6AEE11E26A68A007F535A /* RepoManTests */,
				9FE6AECB1E26A68A007F535A /* Products */,
				8B69C7134C8D1EADB7A2F8B4 /* Pods */,
				33B9FCE81B3A7B2782904296 /* Frameworks */,
			);
			sourceTree = "<group>";
		};
		9FE6AECB1E26A68A007F535A /* Products */ = {
			isa = PBXGroup;
			children = (
				9FE6AECA1E26A68A007F535A /* RepoMan.app */,
				9FE6AEDE1E26A68A007F535A /* RepoManTests.xctest */,
			);
			name = Products;
			sourceTree = "<group>";
		};
		9FE6AECC1E26A68A007F535A /* RepoMan */ = {
			isa = PBXGroup;
			children = (
				9FE6AECD1E26A68A007F535A /* AppDelegate.swift */,
				9FE6AED41E26A68A007F535A /* Assets.xcassets */,
				9FE6AED91E26A68A007F535A /* Info.plist */,
				9F5D2F8C1E33823E00738CDA /* Constants.swift */,
				9FE6AEED1E26A692007F535A /* Storyboards */,
				9FE6AEEE1E26A69C007F535A /* Scenes */,
				9FE6AEFF1E26A726007F535A /* Models */,
				9FE6AEFC1E26A6E4007F535A /* Services */,
				9FE6AF021E26A961007F535A /* Views */,
				9F5D2F891E33820600738CDA /* Network */,
				9F5D2F901E3383F600738CDA /* Utils */,
				9FB7703C1E37D772003FAF75 /* Protocols */,
				9FFA301E1E33A0C00047B5A5 /* Extensions */,
				9FE6AF0B1E26AB31007F535A /* ThirdParty */,
			);
			path = RepoMan;
			sourceTree = "<group>";
		};
		9FE6AEE11E26A68A007F535A /* RepoManTests */ = {
			isa = PBXGroup;
			children = (
				9FE6AEE41E26A68A007F535A /* Info.plist */,
				9FB7704C1E37ED0C003FAF75 /* AsyncTestUtil.swift */,
				9FB7705A1E37F7B7003FAF75 /* Mocks */,
				9FB770461E37EA98003FAF75 /* Scenes */,
				9FB770631E37FBAC003FAF75 /* Services */,
			);
			path = RepoManTests;
			sourceTree = "<group>";
		};
		9FE6AEED1E26A692007F535A /* Storyboards */ = {
			isa = PBXGroup;
			children = (
				9FE6AED11E26A68A007F535A /* Main.storyboard */,
				9FE6AED61E26A68A007F535A /* LaunchScreen.storyboard */,
			);
			name = Storyboards;
			sourceTree = "<group>";
		};
		9FE6AEEE1E26A69C007F535A /* Scenes */ = {
			isa = PBXGroup;
			children = (
				9FB7703F1E37D7A4003FAF75 /* Loading */,
				9F5D2F931E3385F500738CDA /* UserSearch */,
				9FFA2FF81E338B9A0047B5A5 /* User */,
				9FFA30091E3394030047B5A5 /* Repos */,
				9FE6AF151E26B0FD007F535A /* Repo */,
			);
			path = Scenes;
			sourceTree = "<group>";
		};
		9FE6AEFC1E26A6E4007F535A /* Services */ = {
			isa = PBXGroup;
			children = (
				9FE6AEFD1E26A705007F535A /* GithubService.swift */,
			);
			path = Services;
			sourceTree = "<group>";
		};
		9FE6AEFF1E26A726007F535A /* Models */ = {
			isa = PBXGroup;
			children = (
				9FE6AF001E26A73A007F535A /* Repo.swift */,
				9F5D2F8E1E3383AD00738CDA /* User.swift */,
			);
			path = Models;
			sourceTree = "<group>";
		};
		9FE6AF021E26A961007F535A /* Views */ = {
			isa = PBXGroup;
			children = (
				9FE6AF031E26A9AC007F535A /* NibLoadingView.swift */,
			);
			path = Views;
			sourceTree = "<group>";
		};
		9FE6AF0B1E26AB31007F535A /* ThirdParty */ = {
			isa = PBXGroup;
			children = (
				9FE6AF0C1E26AB55007F535A /* NibDesignable */,
			);
			path = ThirdParty;
			sourceTree = "<group>";
		};
		9FE6AF0C1E26AB55007F535A /* NibDesignable */ = {
			isa = PBXGroup;
			children = (
				9FE6AF0D1E26AB67007F535A /* NibDesignable.swift */,
			);
			path = NibDesignable;
			sourceTree = "<group>";
		};
		9FE6AF151E26B0FD007F535A /* Repo */ = {
			isa = PBXGroup;
			children = (
				9FE6AF161E26B11B007F535A /* RepoConfigurator.swift */,
				9FE6AF171E26B11B007F535A /* RepoInteractor.swift */,
				9FE6AF181E26B11B007F535A /* RepoPresenter.swift */,
				9FE6AF191E26B11B007F535A /* RepoRouter.swift */,
				9FE6AF1A1E26B11B007F535A /* RepoViewController.swift */,
				9FE6AF1B1E26B11B007F535A /* RepoViewModel.swift */,
				9FFA30221E3553030047B5A5 /* RepoView.swift */,
				9FFA30231E3553030047B5A5 /* RepoView.xib */,
			);
			path = Repo;
			sourceTree = "<group>";
		};
		9FFA2FF81E338B9A0047B5A5 /* User */ = {
			isa = PBXGroup;
			children = (
				9FFA2FF91E338BB90047B5A5 /* UserConfigurator.swift */,
				9FFA2FFA1E338BB90047B5A5 /* UserInteractor.swift */,
				9FFA2FFB1E338BB90047B5A5 /* UserPresenter.swift */,
				9FFA2FFC1E338BB90047B5A5 /* UserRouter.swift */,
				9FFA2FFD1E338BB90047B5A5 /* UserView.swift */,
				9FFA2FFE1E338BB90047B5A5 /* UserViewController.swift */,
				9FFA2FFF1E338BB90047B5A5 /* UserViewModel.swift */,
				9FFA30071E338F5E0047B5A5 /* UserView.xib */,
			);
			path = User;
			sourceTree = "<group>";
		};
		9FFA30091E3394030047B5A5 /* Repos */ = {
			isa = PBXGroup;
			children = (
				9FFA300A1E3394190047B5A5 /* ReposConfigurator.swift */,
				9FFA300B1E3394190047B5A5 /* ReposInteractor.swift */,
				9FFA300C1E3394190047B5A5 /* ReposPresenter.swift */,
				9FFA300D1E3394190047B5A5 /* ReposRouter.swift */,
				9FFA300F1E3394190047B5A5 /* ReposViewController.swift */,
				9FFA30101E3394190047B5A5 /* ReposViewModel.swift */,
				9FFA300E1E3394190047B5A5 /* ReposView.swift */,
				9FFA30181E3396860047B5A5 /* ReposView.xib */,
				9FFA301A1E3397890047B5A5 /* RepoCell.swift */,
				9FFA301B1E3397890047B5A5 /* RepoCell.xib */,
			);
			path = Repos;
			sourceTree = "<group>";
		};
		9FFA301E1E33A0C00047B5A5 /* Extensions */ = {
			isa = PBXGroup;
			children = (
				9FFA301F1E33A0DD0047B5A5 /* Date+Formats.swift */,
			);
			path = Extensions;
			sourceTree = "<group>";
		};
/* End PBXGroup section */

/* Begin PBXNativeTarget section */
		9FE6AEC91E26A68A007F535A /* RepoMan */ = {
			isa = PBXNativeTarget;
			buildConfigurationList = 9FE6AEE71E26A68A007F535A /* Build configuration list for PBXNativeTarget "RepoMan" */;
			buildPhases = (
				F932F728756281C75EB87A95 /* [CP] Check Pods Manifest.lock */,
				9FE6AEC61E26A68A007F535A /* Sources */,
				9FE6AEC71E26A68A007F535A /* Frameworks */,
				9FE6AEC81E26A68A007F535A /* Resources */,
				9FFA30211E354F750047B5A5 /* ShellScript */,
				4EC0C30B3C2B28C1FED64955 /* [CP] Embed Pods Frameworks */,
				D674E5073FC7C4358074501C /* [CP] Copy Pods Resources */,
			);
			buildRules = (
			);
			dependencies = (
			);
			name = RepoMan;
			productName = RepoMan;
			productReference = 9FE6AECA1E26A68A007F535A /* RepoMan.app */;
			productType = "com.apple.product-type.application";
		};
		9FE6AEDD1E26A68A007F535A /* RepoManTests */ = {
			isa = PBXNativeTarget;
			buildConfigurationList = 9FE6AEEA1E26A68A007F535A /* Build configuration list for PBXNativeTarget "RepoManTests" */;
			buildPhases = (
				3C93BE40EFC4232C3E37A209 /* [CP] Check Pods Manifest.lock */,
				9FE6AEDA1E26A68A007F535A /* Sources */,
				9FE6AEDB1E26A68A007F535A /* Frameworks */,
				9FE6AEDC1E26A68A007F535A /* Resources */,
				EE1F0D797080C1A362EF388B /* [CP] Embed Pods Frameworks */,
				97AF10C8C9F627CF860E20FC /* [CP] Copy Pods Resources */,
			);
			buildRules = (
			);
			dependencies = (
				9FE6AEE01E26A68A007F535A /* PBXTargetDependency */,
			);
			name = RepoManTests;
			productName = RepoManTests;
			productReference = 9FE6AEDE1E26A68A007F535A /* RepoManTests.xctest */;
			productType = "com.apple.product-type.bundle.unit-test";
		};
/* End PBXNativeTarget section */

/* Begin PBXProject section */
		9FE6AEC21E26A68A007F535A /* Project object */ = {
			isa = PBXProject;
			attributes = {
				LastSwiftUpdateCheck = 0820;
				LastUpgradeCheck = 0820;
				ORGANIZATIONNAME = "Anders Ullnæss";
				TargetAttributes = {
					9FE6AEC91E26A68A007F535A = {
						CreatedOnToolsVersion = 8.2.1;
						DevelopmentTeam = 643MJ6ZSSD;
						ProvisioningStyle = Automatic;
					};
					9FE6AEDD1E26A68A007F535A = {
						CreatedOnToolsVersion = 8.2.1;
						DevelopmentTeam = 643MJ6ZSSD;
						ProvisioningStyle = Automatic;
						TestTargetID = 9FE6AEC91E26A68A007F535A;
					};
				};
			};
			buildConfigurationList = 9FE6AEC51E26A68A007F535A /* Build configuration list for PBXProject "RepoMan" */;
			compatibilityVersion = "Xcode 3.2";
			developmentRegion = English;
			hasScannedForEncodings = 0;
			knownRegions = (
				en,
				Base,
			);
			mainGroup = 9FE6AEC11E26A68A007F535A;
			productRefGroup = 9FE6AECB1E26A68A007F535A /* Products */;
			projectDirPath = "";
			projectRoot = "";
			targets = (
				9FE6AEC91E26A68A007F535A /* RepoMan */,
				9FE6AEDD1E26A68A007F535A /* RepoManTests */,
			);
		};
/* End PBXProject section */

/* Begin PBXResourcesBuildPhase section */
		9FE6AEC81E26A68A007F535A /* Resources */ = {
			isa = PBXResourcesBuildPhase;
			buildActionMask = 2147483647;
			files = (
				9FFA30191E3396860047B5A5 /* ReposView.xib in Resources */,
				9FFA2FF71E3388F70047B5A5 /* UserSearchView.xib in Resources */,
				9FE6AED81E26A68A007F535A /* LaunchScreen.storyboard in Resources */,
				9FFA301D1E3397890047B5A5 /* RepoCell.xib in Resources */,
				9FE6AED51E26A68A007F535A /* Assets.xcassets in Resources */,
				9FE6AED31E26A68A007F535A /* Main.storyboard in Resources */,
				9FB770451E37D836003FAF75 /* LoadingView.xib in Resources */,
				9FFA30251E3553030047B5A5 /* RepoView.xib in Resources */,
				9FFA30081E338F5E0047B5A5 /* UserView.xib in Resources */,
			);
			runOnlyForDeploymentPostprocessing = 0;
		};
		9FE6AEDC1E26A68A007F535A /* Resources */ = {
			isa = PBXResourcesBuildPhase;
			buildActionMask = 2147483647;
			files = (
			);
			runOnlyForDeploymentPostprocessing = 0;
		};
/* End PBXResourcesBuildPhase section */

/* Begin PBXShellScriptBuildPhase section */
		3C93BE40EFC4232C3E37A209 /* [CP] Check Pods Manifest.lock */ = {
			isa = PBXShellScriptBuildPhase;
			buildActionMask = 2147483647;
			files = (
			);
			inputPaths = (
			);
			name = "[CP] Check Pods Manifest.lock";
			outputPaths = (
			);
			runOnlyForDeploymentPostprocessing = 0;
			shellPath = /bin/sh;
			shellScript = "diff \"${PODS_ROOT}/../Podfile.lock\" \"${PODS_ROOT}/Manifest.lock\" > /dev/null\nif [ $? != 0 ] ; then\n    # print error to STDERR\n    echo \"error: The sandbox is not in sync with the Podfile.lock. Run 'pod install' or update your CocoaPods installation.\" >&2\n    exit 1\nfi\n";
			showEnvVarsInLog = 0;
		};
		4EC0C30B3C2B28C1FED64955 /* [CP] Embed Pods Frameworks */ = {
			isa = PBXShellScriptBuildPhase;
			buildActionMask = 2147483647;
			files = (
			);
			inputPaths = (
			);
			name = "[CP] Embed Pods Frameworks";
			outputPaths = (
			);
			runOnlyForDeploymentPostprocessing = 0;
			shellPath = /bin/sh;
			shellScript = "\"${SRCROOT}/Pods/Target Support Files/Pods-RepoMan/Pods-RepoMan-frameworks.sh\"\n";
			showEnvVarsInLog = 0;
		};
		97AF10C8C9F627CF860E20FC /* [CP] Copy Pods Resources */ = {
			isa = PBXShellScriptBuildPhase;
			buildActionMask = 2147483647;
			files = (
			);
			inputPaths = (
			);
			name = "[CP] Copy Pods Resources";
			outputPaths = (
			);
			runOnlyForDeploymentPostprocessing = 0;
			shellPath = /bin/sh;
			shellScript = "\"${SRCROOT}/Pods/Target Support Files/Pods-RepoManTests/Pods-RepoManTests-resources.sh\"\n";
			showEnvVarsInLog = 0;
		};
		9FFA30211E354F750047B5A5 /* ShellScript */ = {
			isa = PBXShellScriptBuildPhase;
			buildActionMask = 2147483647;
			files = (
			);
			inputPaths = (
			);
			outputPaths = (
			);
			runOnlyForDeploymentPostprocessing = 0;
			shellPath = /bin/sh;
			shellScript = "${SRCROOT}/swiftformat ${SRCROOT}/RepoMan/";
		};
		D674E5073FC7C4358074501C /* [CP] Copy Pods Resources */ = {
			isa = PBXShellScriptBuildPhase;
			buildActionMask = 2147483647;
			files = (
			);
			inputPaths = (
			);
			name = "[CP] Copy Pods Resources";
			outputPaths = (
			);
			runOnlyForDeploymentPostprocessing = 0;
			shellPath = /bin/sh;
			shellScript = "\"${SRCROOT}/Pods/Target Support Files/Pods-RepoMan/Pods-RepoMan-resources.sh\"\n";
			showEnvVarsInLog = 0;
		};
		EE1F0D797080C1A362EF388B /* [CP] Embed Pods Frameworks */ = {
			isa = PBXShellScriptBuildPhase;
			buildActionMask = 2147483647;
			files = (
			);
			inputPaths = (
			);
			name = "[CP] Embed Pods Frameworks";
			outputPaths = (
			);
			runOnlyForDeploymentPostprocessing = 0;
			shellPath = /bin/sh;
			shellScript = "\"${SRCROOT}/Pods/Target Support Files/Pods-RepoManTests/Pods-RepoManTests-frameworks.sh\"\n";
			showEnvVarsInLog = 0;
		};
		F932F728756281C75EB87A95 /* [CP] Check Pods Manifest.lock */ = {
			isa = PBXShellScriptBuildPhase;
			buildActionMask = 2147483647;
			files = (
			);
			inputPaths = (
			);
			name = "[CP] Check Pods Manifest.lock";
			outputPaths = (
			);
			runOnlyForDeploymentPostprocessing = 0;
			shellPath = /bin/sh;
			shellScript = "diff \"${PODS_ROOT}/../Podfile.lock\" \"${PODS_ROOT}/Manifest.lock\" > /dev/null\nif [ $? != 0 ] ; then\n    # print error to STDERR\n    echo \"error: The sandbox is not in sync with the Podfile.lock. Run 'pod install' or update your CocoaPods installation.\" >&2\n    exit 1\nfi\n";
			showEnvVarsInLog = 0;
		};
/* End PBXShellScriptBuildPhase section */

/* Begin PBXSourcesBuildPhase section */
		9FE6AEC61E26A68A007F535A /* Sources */ = {
			isa = PBXSourcesBuildPhase;
			buildActionMask = 2147483647;
			files = (
				9F5D2F8D1E33823E00738CDA /* Constants.swift in Sources */,
				9FFA30241E3553030047B5A5 /* RepoView.swift in Sources */,
				9FE6AF0E1E26AB67007F535A /* NibDesignable.swift in Sources */,
				9FFA30001E338BB90047B5A5 /* UserConfigurator.swift in Sources */,
				9FB7703E1E37D783003FAF75 /* Loading.swift in Sources */,
				9FFA30031E338BB90047B5A5 /* UserRouter.swift in Sources */,
				9FE6AF201E26B11B007F535A /* RepoViewController.swift in Sources */,
				9FE6AECE1E26A68A007F535A /* AppDelegate.swift in Sources */,
				9FFA30041E338BB90047B5A5 /* UserView.swift in Sources */,
				9FFA30161E3394190047B5A5 /* ReposViewController.swift in Sources */,
				9F5D2F8B1E33822100738CDA /* HttpClient.swift in Sources */,
				9FFA2FEF1E3388C90047B5A5 /* UserSearchConfigurator.swift in Sources */,
				9FE6AEFE1E26A705007F535A /* GithubService.swift in Sources */,
				9F5D2F921E33840900738CDA /* Logger.swift in Sources */,
				9FE6AF041E26A9AC007F535A /* NibLoadingView.swift in Sources */,
				9FFA30061E338BB90047B5A5 /* UserViewModel.swift in Sources */,
				9FE6AF211E26B11B007F535A /* RepoViewModel.swift in Sources */,
				9FFA2FF01E3388C90047B5A5 /* UserSearchInteractor.swift in Sources */,
				9FFA30111E3394190047B5A5 /* ReposConfigurator.swift in Sources */,
				9FFA30011E338BB90047B5A5 /* UserInteractor.swift in Sources */,
				9FE6AF011E26A73A007F535A /* Repo.swift in Sources */,
				9FFA30121E3394190047B5A5 /* ReposInteractor.swift in Sources */,
				9FE6AF1F1E26B11B007F535A /* RepoRouter.swift in Sources */,
				9FFA30131E3394190047B5A5 /* ReposPresenter.swift in Sources */,
				9FFA2FF21E3388C90047B5A5 /* UserSearchRouter.swift in Sources */,
				9FB770431E37D81E003FAF75 /* LoadingView.swift in Sources */,
				9FB7703B1E37D475003FAF75 /* ErrorAlertCreator.swift in Sources */,
				9FFA30141E3394190047B5A5 /* ReposRouter.swift in Sources */,
				9FE6AF1C1E26B11B007F535A /* RepoConfigurator.swift in Sources */,
				9FFA30051E338BB90047B5A5 /* UserViewController.swift in Sources */,
				9FFA30151E3394190047B5A5 /* ReposView.swift in Sources */,
				9FFA30201E33A0DD0047B5A5 /* Date+Formats.swift in Sources */,
				9FE6AF1D1E26B11B007F535A /* RepoInteractor.swift in Sources */,
				9FB770411E37D7B7003FAF75 /* LoadingViewController.swift in Sources */,
				9FFA2FF41E3388C90047B5A5 /* UserSearchViewController.swift in Sources */,
				9FFA30021E338BB90047B5A5 /* UserPresenter.swift in Sources */,
				9FE6AF1E1E26B11B007F535A /* RepoPresenter.swift in Sources */,
				9FFA2FF51E3388C90047B5A5 /* UserSearchViewModel.swift in Sources */,
				9FFA2FF31E3388C90047B5A5 /* UserSearchView.swift in Sources */,
				9FFA30171E3394190047B5A5 /* ReposViewModel.swift in Sources */,
				9FFA2FF11E3388C90047B5A5 /* UserSearchPresenter.swift in Sources */,
				9F5D2F8F1E3383AD00738CDA /* User.swift in Sources */,
				9FB770391E37CFE6003FAF75 /* NotFoundException.swift in Sources */,
				9FFA301C1E3397890047B5A5 /* RepoCell.swift in Sources */,
			);
			runOnlyForDeploymentPostprocessing = 0;
		};
		9FE6AEDA1E26A68A007F535A /* Sources */ = {
			isa = PBXSourcesBuildPhase;
			buildActionMask = 2147483647;
			files = (
				9FB770501E37EE9A003FAF75 /* UserInteractorTest.swift in Sources */,
				9FB770651E37FBC9003FAF75 /* GithubServiceTest.swift in Sources */,
				9FB770591E37F76B003FAF75 /* ReposInteractorTest.swift in Sources */,
				9FB770521E37F16C003FAF75 /* UserPresenterTest.swift in Sources */,
				9FB7705E1E37F807003FAF75 /* MockNotFoundGithubService.swift in Sources */,
				9FB7705C1E37F7D1003FAF75 /* MockGithubService.swift in Sources */,
				9FB770621E37FA11003FAF75 /* ReposPresenterTest.swift in Sources */,
				9FB770491E37EAC7003FAF75 /* UserSearchInteractorTest.swift in Sources */,
				9FB770541E37F3BD003FAF75 /* UserSearchViewModelTest.swift in Sources */,
				9FB770561E37F53D003FAF75 /* UserViewModelTest.swift in Sources */,
				9FB7704D1E37ED0C003FAF75 /* AsyncTestUtil.swift in Sources */,
				9FB770601E37F824003FAF75 /* MockOtherErrorGithubService.swift in Sources */,
				9FB7704B1E37EC21003FAF75 /* UserSearchPresenterTest.swift in Sources */,
			);
			runOnlyForDeploymentPostprocessing = 0;
		};
/* End PBXSourcesBuildPhase section */

/* Begin PBXTargetDependency section */
		9FE6AEE01E26A68A007F535A /* PBXTargetDependency */ = {
			isa = PBXTargetDependency;
			target = 9FE6AEC91E26A68A007F535A /* RepoMan */;
			targetProxy = 9FE6AEDF1E26A68A007F535A /* PBXContainerItemProxy */;
		};
/* End PBXTargetDependency section */

/* Begin PBXVariantGroup section */
		9FE6AED11E26A68A007F535A /* Main.storyboard */ = {
			isa = PBXVariantGroup;
			children = (
				9FE6AED21E26A68A007F535A /* Base */,
			);
			name = Main.storyboard;
			sourceTree = "<group>";
		};
		9FE6AED61E26A68A007F535A /* LaunchScreen.storyboard */ = {
			isa = PBXVariantGroup;
			children = (
				9FE6AED71E26A68A007F535A /* Base */,
			);
			name = LaunchScreen.storyboard;
			sourceTree = "<group>";
		};
/* End PBXVariantGroup section */

/* Begin XCBuildConfiguration section */
		9FE6AEE51E26A68A007F535A /* Debug */ = {
			isa = XCBuildConfiguration;
			buildSettings = {
				ALWAYS_SEARCH_USER_PATHS = NO;
				CLANG_ANALYZER_NONNULL = YES;
				CLANG_CXX_LANGUAGE_STANDARD = "gnu++0x";
				CLANG_CXX_LIBRARY = "libc++";
				CLANG_ENABLE_MODULES = YES;
				CLANG_ENABLE_OBJC_ARC = YES;
				CLANG_WARN_BOOL_CONVERSION = YES;
				CLANG_WARN_CONSTANT_CONVERSION = YES;
				CLANG_WARN_DIRECT_OBJC_ISA_USAGE = YES_ERROR;
				CLANG_WARN_DOCUMENTATION_COMMENTS = YES;
				CLANG_WARN_EMPTY_BODY = YES;
				CLANG_WARN_ENUM_CONVERSION = YES;
				CLANG_WARN_INFINITE_RECURSION = YES;
				CLANG_WARN_INT_CONVERSION = YES;
				CLANG_WARN_OBJC_ROOT_CLASS = YES_ERROR;
				CLANG_WARN_SUSPICIOUS_MOVE = YES;
				CLANG_WARN_UNREACHABLE_CODE = YES;
				CLANG_WARN__DUPLICATE_METHOD_MATCH = YES;
				"CODE_SIGN_IDENTITY[sdk=iphoneos*]" = "iPhone Developer";
				COPY_PHASE_STRIP = NO;
				DEBUG_INFORMATION_FORMAT = dwarf;
				ENABLE_STRICT_OBJC_MSGSEND = YES;
				ENABLE_TESTABILITY = YES;
				GCC_C_LANGUAGE_STANDARD = gnu99;
				GCC_DYNAMIC_NO_PIC = NO;
				GCC_NO_COMMON_BLOCKS = YES;
				GCC_OPTIMIZATION_LEVEL = 0;
				GCC_PREPROCESSOR_DEFINITIONS = (
					"DEBUG=1",
					"$(inherited)",
				);
				GCC_WARN_64_TO_32_BIT_CONVERSION = YES;
				GCC_WARN_ABOUT_RETURN_TYPE = YES_ERROR;
				GCC_WARN_UNDECLARED_SELECTOR = YES;
				GCC_WARN_UNINITIALIZED_AUTOS = YES_AGGRESSIVE;
				GCC_WARN_UNUSED_FUNCTION = YES;
				GCC_WARN_UNUSED_VARIABLE = YES;
				IPHONEOS_DEPLOYMENT_TARGET = 10.2;
				MTL_ENABLE_DEBUG_INFO = YES;
				ONLY_ACTIVE_ARCH = YES;
				SDKROOT = iphoneos;
				SWIFT_ACTIVE_COMPILATION_CONDITIONS = DEBUG;
				SWIFT_OPTIMIZATION_LEVEL = "-Onone";
				TARGETED_DEVICE_FAMILY = "1,2";
			};
			name = Debug;
		};
		9FE6AEE61E26A68A007F535A /* Release */ = {
			isa = XCBuildConfiguration;
			buildSettings = {
				ALWAYS_SEARCH_USER_PATHS = NO;
				CLANG_ANALYZER_NONNULL = YES;
				CLANG_CXX_LANGUAGE_STANDARD = "gnu++0x";
				CLANG_CXX_LIBRARY = "libc++";
				CLANG_ENABLE_MODULES = YES;
				CLANG_ENABLE_OBJC_ARC = YES;
				CLANG_WARN_BOOL_CONVERSION = YES;
				CLANG_WARN_CONSTANT_CONVERSION = YES;
				CLANG_WARN_DIRECT_OBJC_ISA_USAGE = YES_ERROR;
				CLANG_WARN_DOCUMENTATION_COMMENTS = YES;
				CLANG_WARN_EMPTY_BODY = YES;
				CLANG_WARN_ENUM_CONVERSION = YES;
				CLANG_WARN_INFINITE_RECURSION = YES;
				CLANG_WARN_INT_CONVERSION = YES;
				CLANG_WARN_OBJC_ROOT_CLASS = YES_ERROR;
				CLANG_WARN_SUSPICIOUS_MOVE = YES;
				CLANG_WARN_UNREACHABLE_CODE = YES;
				CLANG_WARN__DUPLICATE_METHOD_MATCH = YES;
				"CODE_SIGN_IDENTITY[sdk=iphoneos*]" = "iPhone Developer";
				COPY_PHASE_STRIP = NO;
				DEBUG_INFORMATION_FORMAT = "dwarf-with-dsym";
				ENABLE_NS_ASSERTIONS = NO;
				ENABLE_STRICT_OBJC_MSGSEND = YES;
				GCC_C_LANGUAGE_STANDARD = gnu99;
				GCC_NO_COMMON_BLOCKS = YES;
				GCC_WARN_64_TO_32_BIT_CONVERSION = YES;
				GCC_WARN_ABOUT_RETURN_TYPE = YES_ERROR;
				GCC_WARN_UNDECLARED_SELECTOR = YES;
				GCC_WARN_UNINITIALIZED_AUTOS = YES_AGGRESSIVE;
				GCC_WARN_UNUSED_FUNCTION = YES;
				GCC_WARN_UNUSED_VARIABLE = YES;
				IPHONEOS_DEPLOYMENT_TARGET = 10.2;
				MTL_ENABLE_DEBUG_INFO = NO;
				SDKROOT = iphoneos;
				SWIFT_OPTIMIZATION_LEVEL = "-Owholemodule";
				TARGETED_DEVICE_FAMILY = "1,2";
				VALIDATE_PRODUCT = YES;
			};
			name = Release;
		};
		9FE6AEE81E26A68A007F535A /* Debug */ = {
			isa = XCBuildConfiguration;
			baseConfigurationReference = 7D6AC3B2004B665F37992649 /* Pods-RepoMan.debug.xcconfig */;
			buildSettings = {
				ASSETCATALOG_COMPILER_APPICON_NAME = AppIcon;
				DEVELOPMENT_TEAM = 643MJ6ZSSD;
				INFOPLIST_FILE = RepoMan/Info.plist;
				LD_RUNPATH_SEARCH_PATHS = "$(inherited) @executable_path/Frameworks";
				PRODUCT_BUNDLE_IDENTIFIER = no.zredna.RepoMan;
				PRODUCT_NAME = "$(TARGET_NAME)";
				SWIFT_VERSION = 3.0;
			};
			name = Debug;
		};
		9FE6AEE91E26A68A007F535A /* Release */ = {
			isa = XCBuildConfiguration;
			baseConfigurationReference = 5D653088ABB27D5795BCA7AE /* Pods-RepoMan.release.xcconfig */;
			buildSettings = {
				ASSETCATALOG_COMPILER_APPICON_NAME = AppIcon;
				DEVELOPMENT_TEAM = 643MJ6ZSSD;
				INFOPLIST_FILE = RepoMan/Info.plist;
				LD_RUNPATH_SEARCH_PATHS = "$(inherited) @executable_path/Frameworks";
				PRODUCT_BUNDLE_IDENTIFIER = no.zredna.RepoMan;
				PRODUCT_NAME = "$(TARGET_NAME)";
				SWIFT_VERSION = 3.0;
			};
			name = Release;
		};
		9FE6AEEB1E26A68A007F535A /* Debug */ = {
			isa = XCBuildConfiguration;
			baseConfigurationReference = 33E77C44EE220FAD722DC65F /* Pods-RepoManTests.debug.xcconfig */;
			buildSettings = {
				ALWAYS_EMBED_SWIFT_STANDARD_LIBRARIES = YES;
				BUNDLE_LOADER = "$(TEST_HOST)";
				DEVELOPMENT_TEAM = 643MJ6ZSSD;
				INFOPLIST_FILE = RepoManTests/Info.plist;
				LD_RUNPATH_SEARCH_PATHS = "$(inherited) @executable_path/Frameworks @loader_path/Frameworks";
				PRODUCT_BUNDLE_IDENTIFIER = no.zredna.RepoManTests;
				PRODUCT_NAME = "$(TARGET_NAME)";
				SWIFT_VERSION = 3.0;
				TEST_HOST = "$(BUILT_PRODUCTS_DIR)/RepoMan.app/RepoMan";
			};
			name = Debug;
		};
		9FE6AEEC1E26A68A007F535A /* Release */ = {
			isa = XCBuildConfiguration;
			baseConfigurationReference = AA9B27661F865197B9B2D81D /* Pods-RepoManTests.release.xcconfig */;
			buildSettings = {
				ALWAYS_EMBED_SWIFT_STANDARD_LIBRARIES = YES;
				BUNDLE_LOADER = "$(TEST_HOST)";
				DEVELOPMENT_TEAM = 643MJ6ZSSD;
				INFOPLIST_FILE = RepoManTests/Info.plist;
				LD_RUNPATH_SEARCH_PATHS = "$(inherited) @executable_path/Frameworks @loader_path/Frameworks";
				PRODUCT_BUNDLE_IDENTIFIER = no.zredna.RepoManTests;
				PRODUCT_NAME = "$(TARGET_NAME)";
				SWIFT_VERSION = 3.0;
				TEST_HOST = "$(BUILT_PRODUCTS_DIR)/RepoMan.app/RepoMan";
			};
			name = Release;
		};
/* End XCBuildConfiguration section */

/* Begin XCConfigurationList section */
		9FE6AEC51E26A68A007F535A /* Build configuration list for PBXProject "RepoMan" */ = {
			isa = XCConfigurationList;
			buildConfigurations = (
				9FE6AEE51E26A68A007F535A /* Debug */,
				9FE6AEE61E26A68A007F535A /* Release */,
			);
			defaultConfigurationIsVisible = 0;
			defaultConfigurationName = Release;
		};
		9FE6AEE71E26A68A007F535A /* Build configuration list for PBXNativeTarget "RepoMan" */ = {
			isa = XCConfigurationList;
			buildConfigurations = (
				9FE6AEE81E26A68A007F535A /* Debug */,
				9FE6AEE91E26A68A007F535A /* Release */,
			);
			defaultConfigurationIsVisible = 0;
			defaultConfigurationName = Release;
		};
		9FE6AEEA1E26A68A007F535A /* Build configuration list for PBXNativeTarget "RepoManTests" */ = {
			isa = XCConfigurationList;
			buildConfigurations = (
				9FE6AEEB1E26A68A007F535A /* Debug */,
				9FE6AEEC1E26A68A007F535A /* Release */,
			);
			defaultConfigurationIsVisible = 0;
			defaultConfigurationName = Release;
		};
/* End XCConfigurationList section */
	};
	rootObject = 9FE6AEC21E26A68A007F535A /* Project object */;
}
